
Microsoft Visual Studio Solution File, Format Version 12.00
# Visual Studio Version 16
VisualStudioVersion = 16.0.30114.105
MinimumVisualStudioVersion = 10.0.40219.1
Project("{FAE04EC0-301F-11D3-BF4B-00C04F79EFBC}") = "Market_Store", "Market_Store\Market_Store.csproj", "{ACCFD0B6-A4C4-479A-A164-42764D26466A}"
EndProject
Global
	GlobalSection(SolutionConfigurationPlatforms) = preSolution
		Debug|Any CPU = Debug|Any CPU
		Release|Any CPU = Release|Any CPU
	EndGlobalSection
	GlobalSection(ProjectConfigurationPlatforms) = postSolution
		{ACCFD0B6-A4C4-479A-A164-42764D26466A}.Debug|Any CPU.ActiveCfg = Debug|Any CPU
		{ACCFD0B6-A4C4-479A-A164-42764D26466A}.Debug|Any CPU.Build.0 = Debug|Any CPU
		{ACCFD0B6-A4C4-479A-A164-42764D26466A}.Release|Any CPU.ActiveCfg = Release|Any CPU
		{ACCFD0B6-A4C4-479A-A164-42764D26466A}.Release|Any CPU.Build.0 = Release|Any CPU
	EndGlobalSection
	GlobalSection(SolutionProperties) = preSolution
		HideSolutionNode = FALSE
	EndGlobalSection
	GlobalSection(ExtensibilityGlobals) = postSolution
		SolutionGuid = {9DC48D0B-4CDD-4CC8-B641-7DF0A181824E}
	EndGlobalSection
EndGlobal
